
Microsoft Visual Studio Solution File, Format Version 12.00
# Visual Studio Version 16
VisualStudioVersion = 16.0.31729.503
MinimumVisualStudioVersion = 10.0.40219.1
Project("{9A19103F-16F7-4668-BE54-9A1E7A4F7556}") = "Addition", "Addition\Addition.csproj", "{C7D79F66-70F9-4990-BC5E-56F9EC07FC0B}"
EndProject
Project("{FAE04EC0-301F-11D3-BF4B-00C04F79EFBC}") = "Task_2", "Task_2\Task_2.csproj", "{EB3CEB80-CB63-4308-B079-4467A6C049B7}"
EndProject
Project("{FAE04EC0-301F-11D3-BF4B-00C04F79EFBC}") = "Task_3", "Task_3\Task_3.csproj", "{9CC946A8-F19A-429A-906A-B9F5ACA71FBE}"
EndProject
Project("{FAE04EC0-301F-11D3-BF4B-00C04F79EFBC}") = "Task_4", "Task_4\Task_4.csproj", "{BB155042-CF1B-4E88-9DB2-B1C354B500CF}"
EndProject
Global
	GlobalSection(SolutionConfigurationPlatforms) = preSolution
		Debug|Any CPU = Debug|Any CPU
		Release|Any CPU = Release|Any CPU
	EndGlobalSection
	GlobalSection(ProjectConfigurationPlatforms) = postSolution
		{C7D79F66-70F9-4990-BC5E-56F9EC07FC0B}.Debug|Any CPU.ActiveCfg = Debug|Any CPU
		{C7D79F66-70F9-4990-BC5E-56F9EC07FC0B}.Debug|Any CPU.Build.0 = Debug|Any CPU
		{C7D79F66-70F9-4990-BC5E-56F9EC07FC0B}.Release|Any CPU.ActiveCfg = Release|Any CPU
		{C7D79F66-70F9-4990-BC5E-56F9EC07FC0B}.Release|Any CPU.Build.0 = Release|Any CPU
		{EB3CEB80-CB63-4308-B079-4467A6C049B7}.Debug|Any CPU.ActiveCfg = Debug|Any CPU
		{EB3CEB80-CB63-4308-B079-4467A6C049B7}.Debug|Any CPU.Build.0 = Debug|Any CPU
		{EB3CEB80-CB63-4308-B079-4467A6C049B7}.Release|Any CPU.ActiveCfg = Release|Any CPU
		{EB3CEB80-CB63-4308-B079-4467A6C049B7}.Release|Any CPU.Build.0 = Release|Any CPU
		{9CC946A8-F19A-429A-906A-B9F5ACA71FBE}.Debug|Any CPU.ActiveCfg = Debug|Any CPU
		{9CC946A8-F19A-429A-906A-B9F5ACA71FBE}.Debug|Any CPU.Build.0 = Debug|Any CPU
		{9CC946A8-F19A-429A-906A-B9F5ACA71FBE}.Release|Any CPU.ActiveCfg = Release|Any CPU
		{9CC946A8-F19A-429A-906A-B9F5ACA71FBE}.Release|Any CPU.Build.0 = Release|Any CPU
		{BB155042-CF1B-4E88-9DB2-B1C354B500CF}.Debug|Any CPU.ActiveCfg = Debug|Any CPU
		{BB155042-CF1B-4E88-9DB2-B1C354B500CF}.Debug|Any CPU.Build.0 = Debug|Any CPU
		{BB155042-CF1B-4E88-9DB2-B1C354B500CF}.Release|Any CPU.ActiveCfg = Release|Any CPU
		{BB155042-CF1B-4E88-9DB2-B1C354B500CF}.Release|Any CPU.Build.0 = Release|Any CPU
	EndGlobalSection
	GlobalSection(SolutionProperties) = preSolution
		HideSolutionNode = FALSE
	EndGlobalSection
	GlobalSection(ExtensibilityGlobals) = postSolution
		SolutionGuid = {DE09C166-DC99-4D72-BFE0-42FADAAE3E10}
	EndGlobalSection
EndGlobal
